<Solution>
  <Folder Name="/docs/">
    <File Path="docs/2.1 - Entity and Value Object.docx" />
    <File Path="docs/2.2 - Aggregate and Aggregate Root.docx" />
    <File Path="docs/2.3 - Domain Event.docx" />
    <File Path="docs/2.4 - Repository Interface.docx" />
    <File Path="docs/2.5 - Domain Service and Specification Pattern.docx" />
  </Folder>
  <Folder Name="/src/">
    <Project Path="src/OMS.Application/OMS.Application.csproj" />
    <Project Path="src/OMS.Domain/OMS.Domain.csproj" />
    <Project Path="src/OMS.Infrastructure/OMS.Infrastructure.csproj" />
    <Project Path="src/OMS.WebAPI/OMS.WebAPI.csproj" />
  </Folder>
  <Folder Name="/test/">
    <Project Path="test/tests/OMS.Test.csproj" />
  </Folder>
</Solution>
